
Microsoft Visual Studio Solution File, Format Version 12.00
# Visual Studio Version 17
VisualStudioVersion = 17.1.32210.238
MinimumVisualStudioVersion = 10.0.40219.1
Project("{2150E333-8FDC-42A3-9474-1A3956D46DE8}") = "Leverl0", "Leverl0", "{DA4CFEB4-D6EE-41AB-9A6C-729A156D991E}"
EndProject
Project("{2150E333-8FDC-42A3-9474-1A3956D46DE8}") = "Leverl1", "Leverl1", "{D060600A-9CF0-4F12-81B2-579A3D319E2C}"
EndProject
Project("{2150E333-8FDC-42A3-9474-1A3956D46DE8}") = "Leverl2", "Leverl2", "{23A3BD36-8D5A-4874-AFE6-BDF3837C5BA1}"
EndProject
Project("{2150E333-8FDC-42A3-9474-1A3956D46DE8}") = "Leverl3", "Leverl3", "{2A3EF5E4-01B1-4884-9642-FFF61400A040}"
EndProject
Project("{8BC9CEB8-8B4A-11D0-8D11-00A0C91BC942}") = "GameApp", "GameApp\GameApp.vcxproj", "{85ADFE66-2B5A-4574-B412-4272F7143594}"
EndProject
Project("{8BC9CEB8-8B4A-11D0-8D11-00A0C91BC942}") = "GameEngine", "GameEngine\GameEngine.vcxproj", "{75763F33-7D4A-40EE-AFE1-9D954BC88B80}"
EndProject
Project("{8BC9CEB8-8B4A-11D0-8D11-00A0C91BC942}") = "GameEngineBase", "GameEngineBase\GameEngineBase.vcxproj", "{D69151FE-59DB-4EE9-8428-29741C1EBB61}"
EndProject
Project("{8BC9CEB8-8B4A-11D0-8D11-00A0C91BC942}") = "GameContents", "GameContents\GameContents.vcxproj", "{28B81AAF-E800-44EB-B3F0-3218A54ADEFE}"
EndProject
Global
	GlobalSection(SolutionConfigurationPlatforms) = preSolution
		Debug|x64 = Debug|x64
		Debug|x86 = Debug|x86
		Release|x64 = Release|x64
		Release|x86 = Release|x86
	EndGlobalSection
	GlobalSection(ProjectConfigurationPlatforms) = postSolution
		{85ADFE66-2B5A-4574-B412-4272F7143594}.Debug|x64.ActiveCfg = Debug|x64
		{85ADFE66-2B5A-4574-B412-4272F7143594}.Debug|x64.Build.0 = Debug|x64
		{85ADFE66-2B5A-4574-B412-4272F7143594}.Debug|x86.ActiveCfg = Debug|Win32
		{85ADFE66-2B5A-4574-B412-4272F7143594}.Debug|x86.Build.0 = Debug|Win32
		{85ADFE66-2B5A-4574-B412-4272F7143594}.Release|x64.ActiveCfg = Release|x64
		{85ADFE66-2B5A-4574-B412-4272F7143594}.Release|x64.Build.0 = Release|x64
		{85ADFE66-2B5A-4574-B412-4272F7143594}.Release|x86.ActiveCfg = Release|Win32
		{85ADFE66-2B5A-4574-B412-4272F7143594}.Release|x86.Build.0 = Release|Win32
		{75763F33-7D4A-40EE-AFE1-9D954BC88B80}.Debug|x64.ActiveCfg = Debug|x64
		{75763F33-7D4A-40EE-AFE1-9D954BC88B80}.Debug|x64.Build.0 = Debug|x64
		{75763F33-7D4A-40EE-AFE1-9D954BC88B80}.Debug|x86.ActiveCfg = Debug|Win32
		{75763F33-7D4A-40EE-AFE1-9D954BC88B80}.Debug|x86.Build.0 = Debug|Win32
		{75763F33-7D4A-40EE-AFE1-9D954BC88B80}.Release|x64.ActiveCfg = Release|x64
		{75763F33-7D4A-40EE-AFE1-9D954BC88B80}.Release|x64.Build.0 = Release|x64
		{75763F33-7D4A-40EE-AFE1-9D954BC88B80}.Release|x86.ActiveCfg = Release|Win32
		{75763F33-7D4A-40EE-AFE1-9D954BC88B80}.Release|x86.Build.0 = Release|Win32
		{D69151FE-59DB-4EE9-8428-29741C1EBB61}.Debug|x64.ActiveCfg = Debug|x64
		{D69151FE-59DB-4EE9-8428-29741C1EBB61}.Debug|x64.Build.0 = Debug|x64
		{D69151FE-59DB-4EE9-8428-29741C1EBB61}.Debug|x86.ActiveCfg = Debug|Win32
		{D69151FE-59DB-4EE9-8428-29741C1EBB61}.Debug|x86.Build.0 = Debug|Win32
		{D69151FE-59DB-4EE9-8428-29741C1EBB61}.Release|x64.ActiveCfg = Release|x64
		{D69151FE-59DB-4EE9-8428-29741C1EBB61}.Release|x64.Build.0 = Release|x64
		{D69151FE-59DB-4EE9-8428-29741C1EBB61}.Release|x86.ActiveCfg = Release|Win32
		{D69151FE-59DB-4EE9-8428-29741C1EBB61}.Release|x86.Build.0 = Release|Win32
		{28B81AAF-E800-44EB-B3F0-3218A54ADEFE}.Debug|x64.ActiveCfg = Debug|x64
		{28B81AAF-E800-44EB-B3F0-3218A54ADEFE}.Debug|x64.Build.0 = Debug|x64
		{28B81AAF-E800-44EB-B3F0-3218A54ADEFE}.Debug|x86.ActiveCfg = Debug|Win32
		{28B81AAF-E800-44EB-B3F0-3218A54ADEFE}.Debug|x86.Build.0 = Debug|Win32
		{28B81AAF-E800-44EB-B3F0-3218A54ADEFE}.Release|x64.ActiveCfg = Release|x64
		{28B81AAF-E800-44EB-B3F0-3218A54ADEFE}.Release|x64.Build.0 = Release|x64
		{28B81AAF-E800-44EB-B3F0-3218A54ADEFE}.Release|x86.ActiveCfg = Release|Win32
		{28B81AAF-E800-44EB-B3F0-3218A54ADEFE}.Release|x86.Build.0 = Release|Win32
	EndGlobalSection
	GlobalSection(SolutionProperties) = preSolution
		HideSolutionNode = FALSE
	EndGlobalSection
	GlobalSection(NestedProjects) = preSolution
		{85ADFE66-2B5A-4574-B412-4272F7143594} = {2A3EF5E4-01B1-4884-9642-FFF61400A040}
		{75763F33-7D4A-40EE-AFE1-9D954BC88B80} = {D060600A-9CF0-4F12-81B2-579A3D319E2C}
		{D69151FE-59DB-4EE9-8428-29741C1EBB61} = {DA4CFEB4-D6EE-41AB-9A6C-729A156D991E}
		{28B81AAF-E800-44EB-B3F0-3218A54ADEFE} = {23A3BD36-8D5A-4874-AFE6-BDF3837C5BA1}
	EndGlobalSection
	GlobalSection(ExtensibilityGlobals) = postSolution
		SolutionGuid = {018F8827-3DC2-463E-B653-02A162CCB045}
	EndGlobalSection
EndGlobal
