<?xml version="1.0" encoding="utf-8"?>
<Project ToolsVersion="4.0" xmlns="http://schemas.microsoft.com/developer/msbuild/2003">
  <ItemGroup>
    <ClInclude Include="Helltaker.h" />
    <ClInclude Include="TitleBackGround.h">
      <Filter>Title</Filter>
    </ClInclude>
    <ClInclude Include="TitleLogo.h">
      <Filter>Title</Filter>
    </ClInclude>
    <ClInclude Include="TitleLevel.h">
      <Filter>Level</Filter>
    </ClInclude>
    <ClInclude Include="PlayLevel.h">
      <Filter>Level</Filter>
    </ClInclude>
    <ClInclude Include="MenuLevel.h">
      <Filter>Level</Filter>
    </ClInclude>
    <ClInclude Include="BotUi.h">
      <Filter>Play\Global</Filter>
    </ClInclude>
    <ClInclude Include="MenuBackGround.h">
      <Filter>Menu\Global</Filter>
    </ClInclude>
    <ClInclude Include="Player.h">
      <Filter>Play\Global</Filter>
    </ClInclude>
    <ClInclude Include="ChapterBackGound.h">
      <Filter>Chapter\Global</Filter>
    </ClInclude>
    <ClInclude Include="Chapter01.h">
      <Filter>Level\Chapter</Filter>
    </ClInclude>
    <ClInclude Include="Chapter02.h">
      <Filter>Level\Chapter</Filter>
    </ClInclude>
    <ClInclude Include="Chapter03.h">
      <Filter>Level\Chapter</Filter>
    </ClInclude>
    <ClInclude Include="KeyEx.h">
      <Filter>Chapter\Object</Filter>
    </ClInclude>
    <ClInclude Include="Skel.h">
      <Filter>Chapter\Object</Filter>
    </ClInclude>
    <ClInclude Include="Ston.h">
      <Filter>Chapter\Object</Filter>
    </ClInclude>
    <ClInclude Include="Lock.h">
      <Filter>Chapter\Object</Filter>
    </ClInclude>
    <ClInclude Include="Npc.h">
      <Filter>Chapter\Object</Filter>
    </ClInclude>
    <ClInclude Include="Wall.h">
      <Filter>Chapter\Object</Filter>
    </ClInclude>
    <ClInclude Include="LifeCounter.h">
      <Filter>Chapter\Ui</Filter>
    </ClInclude>
    <ClInclude Include="Event.h">
      <Filter>Chapter\Global</Filter>
    </ClInclude>
    <ClInclude Include="MenuBotUI.h">
      <Filter>Menu\Global</Filter>
    </ClInclude>
    <ClInclude Include="ChapterSelect.h">
      <Filter>Menu\UI</Filter>
    </ClInclude>
    <ClInclude Include="StartEvent.h">
      <Filter>Menu\Event</Filter>
    </ClInclude>
    <ClInclude Include="EndEvent.h">
      <Filter>Menu\Event</Filter>
    </ClInclude>
  </ItemGroup>
  <ItemGroup>
    <ClCompile Include="Helltaker.cpp" />
    <ClCompile Include="TitleBackGround.cpp">
      <Filter>Title</Filter>
    </ClCompile>
    <ClCompile Include="TitleLogo.cpp">
      <Filter>Title</Filter>
    </ClCompile>
    <ClCompile Include="TitleLevel.cpp">
      <Filter>Level</Filter>
    </ClCompile>
    <ClCompile Include="PlayLevel.cpp">
      <Filter>Level</Filter>
    </ClCompile>
    <ClCompile Include="MenuLevel.cpp">
      <Filter>Level</Filter>
    </ClCompile>
    <ClCompile Include="BotUi.cpp">
      <Filter>Play\Global</Filter>
    </ClCompile>
    <ClCompile Include="MenuBackGround.cpp">
      <Filter>Menu\Global</Filter>
    </ClCompile>
    <ClCompile Include="Player.cpp">
      <Filter>Chapter\Global</Filter>
    </ClCompile>
    <ClCompile Include="ChapterBackGound.cpp">
      <Filter>Chapter\Global</Filter>
    </ClCompile>
    <ClCompile Include="Chapter01.cpp">
      <Filter>Level\Chapter</Filter>
    </ClCompile>
    <ClCompile Include="Chapter02.cpp">
      <Filter>Level\Chapter</Filter>
    </ClCompile>
    <ClCompile Include="Chapter03.cpp">
      <Filter>Level\Chapter</Filter>
    </ClCompile>
    <ClCompile Include="KeyEx.cpp">
      <Filter>Chapter\Object</Filter>
    </ClCompile>
    <ClCompile Include="Skel.cpp">
      <Filter>Chapter\Object</Filter>
    </ClCompile>
    <ClCompile Include="Ston.cpp">
      <Filter>Chapter\Object</Filter>
    </ClCompile>
    <ClCompile Include="Lock.cpp">
      <Filter>Chapter\Object</Filter>
    </ClCompile>
    <ClCompile Include="Npc.cpp">
      <Filter>Chapter\Object</Filter>
    </ClCompile>
    <ClCompile Include="Wall.cpp">
      <Filter>Chapter\Object</Filter>
    </ClCompile>
    <ClCompile Include="LifeCounter.cpp">
      <Filter>Chapter\Ui</Filter>
    </ClCompile>
    <ClCompile Include="Event.cpp">
      <Filter>Chapter\Global</Filter>
    </ClCompile>
    <ClCompile Include="MenuBotUI.cpp">
      <Filter>Menu\Global</Filter>
    </ClCompile>
    <ClCompile Include="ChapterSelect.cpp">
      <Filter>Menu\UI</Filter>
    </ClCompile>
    <ClCompile Include="StartEvent.cpp">
      <Filter>Menu\Event</Filter>
    </ClCompile>
    <ClCompile Include="EndEvent.cpp">
      <Filter>Menu\Event</Filter>
    </ClCompile>
  </ItemGroup>
  <ItemGroup>
    <Filter Include="Play">
      <UniqueIdentifier>{1ab4c140-9de4-4b37-9bf5-ff713b3712e3}</UniqueIdentifier>
    </Filter>
    <Filter Include="Title">
      <UniqueIdentifier>{82e96824-63cc-4475-915a-093fbdb62f61}</UniqueIdentifier>
    </Filter>
    <Filter Include="Level">
      <UniqueIdentifier>{f9380529-55b2-41a4-8293-6fd0fb450043}</UniqueIdentifier>
    </Filter>
    <Filter Include="Play\Global">
      <UniqueIdentifier>{7dd13e20-a8bd-47a9-8755-d248a78cc7be}</UniqueIdentifier>
    </Filter>
    <Filter Include="Menu">
      <UniqueIdentifier>{d10815ad-a270-4b52-a308-687ae7f95fec}</UniqueIdentifier>
    </Filter>
    <Filter Include="Menu\Global">
      <UniqueIdentifier>{0c2ab7f7-0066-4c13-b376-fc504d629c88}</UniqueIdentifier>
    </Filter>
    <Filter Include="Level\Chapter">
      <UniqueIdentifier>{223685c8-350a-49a2-95ca-fea07412aac7}</UniqueIdentifier>
    </Filter>
    <Filter Include="Chapter">
      <UniqueIdentifier>{1ab4c140-9de4-4b37-9bf5-ff713b3712e3}</UniqueIdentifier>
    </Filter>
    <Filter Include="Chapter\Global">
      <UniqueIdentifier>{7dd13e20-a8bd-47a9-8755-d248a78cc7be}</UniqueIdentifier>
    </Filter>
    <Filter Include="Chapter\Object">
      <UniqueIdentifier>{863f60f5-d79e-481f-a700-23ada83a2190}</UniqueIdentifier>
    </Filter>
    <Filter Include="Chapter\Ui">
      <UniqueIdentifier>{33b06d02-efad-4c99-b6e3-a2b4e0f3fa34}</UniqueIdentifier>
    </Filter>
    <Filter Include="Menu\UI">
      <UniqueIdentifier>{59e90494-457d-4c4d-9047-09380ddfdaa1}</UniqueIdentifier>
    </Filter>
    <Filter Include="Menu\Event">
      <UniqueIdentifier>{4c5edd6c-88b2-4d0d-9978-bee3ec2318df}</UniqueIdentifier>
    </Filter>
  </ItemGroup>
</Project>