<?xml version="1.0" encoding="utf-8"?>
<Project ToolsVersion="4.0" xmlns="http://schemas.microsoft.com/developer/msbuild/2003">
  <ItemGroup>
    <ClInclude Include="Helltaker.h" />
    <ClInclude Include="TitleBackGround.h">
      <Filter>Actor\Title</Filter>
    </ClInclude>
    <ClInclude Include="TitleLogo.h">
      <Filter>Actor\Title</Filter>
    </ClInclude>
    <ClInclude Include="BotUi.h">
      <Filter>Actor\Chapter\Global</Filter>
    </ClInclude>
    <ClInclude Include="Player.h">
      <Filter>Actor\Chapter\Global</Filter>
    </ClInclude>
    <ClInclude Include="Chapter01.h">
      <Filter>Level\Chapter</Filter>
    </ClInclude>
    <ClInclude Include="Chapter02.h">
      <Filter>Level\Chapter</Filter>
    </ClInclude>
    <ClInclude Include="Chapter03.h">
      <Filter>Level\Chapter</Filter>
    </ClInclude>
    <ClInclude Include="LifeCounter.h">
      <Filter>Actor\Chapter\Object\Ui</Filter>
    </ClInclude>
    <ClInclude Include="MenuLevel.h">
      <Filter>Level\Menu</Filter>
    </ClInclude>
    <ClInclude Include="TitleLevel.h">
      <Filter>Level\Title</Filter>
    </ClInclude>
    <ClInclude Include="ContentsEnums.h">
      <Filter>Level\Global</Filter>
    </ClInclude>
    <ClInclude Include="Booper.h">
      <Filter>Actor\Global</Filter>
    </ClInclude>
    <ClInclude Include="MenuText.h">
      <Filter>Actor\Menu\Text</Filter>
    </ClInclude>
    <ClInclude Include="EndText.h">
      <Filter>Actor\Menu\Text</Filter>
    </ClInclude>
    <ClInclude Include="StartEvent.h">
      <Filter>Actor\Menu\StartEvent</Filter>
    </ClInclude>
    <ClInclude Include="StartBackGround.h">
      <Filter>Actor\Menu\StartEvent</Filter>
    </ClInclude>
    <ClInclude Include="BeelFly.h">
      <Filter>Actor\Menu\MenuBase</Filter>
    </ClInclude>
    <ClInclude Include="MenuBackGround00.h">
      <Filter>Actor\Menu\MenuBase</Filter>
    </ClInclude>
    <ClInclude Include="MenuBackGround01.h">
      <Filter>Actor\Menu\MenuBase</Filter>
    </ClInclude>
    <ClInclude Include="MenuBackGround02.h">
      <Filter>Actor\Menu\MenuBase</Filter>
    </ClInclude>
    <ClInclude Include="MenuBotUI.h">
      <Filter>Actor\Menu\MenuBase</Filter>
    </ClInclude>
    <ClInclude Include="MenuTopUi.h">
      <Filter>Actor\Menu\MenuBase</Filter>
    </ClInclude>
    <ClInclude Include="StartText.h">
      <Filter>Actor\Menu\Text</Filter>
    </ClInclude>
    <ClInclude Include="ChapterSelect.h">
      <Filter>Actor\Menu\UI</Filter>
    </ClInclude>
    <ClInclude Include="MenuSelcet.h">
      <Filter>Actor\Menu\UI</Filter>
    </ClInclude>
    <ClInclude Include="ChapterBackGound.h">
      <Filter>Actor\Chapter\Global</Filter>
    </ClInclude>
    <ClInclude Include="PlayerEnums.h">
      <Filter>Actor\Chapter\Global</Filter>
    </ClInclude>
    <ClInclude Include="TopUi.h">
      <Filter>Actor\Chapter\Global</Filter>
    </ClInclude>
    <ClInclude Include="GameObjectManager.h">
      <Filter>Actor\Chapter\Object</Filter>
    </ClInclude>
    <ClInclude Include="ClearEvent.h">
      <Filter>Actor\Chapter\Event</Filter>
    </ClInclude>
    <ClInclude Include="Monster.h">
      <Filter>Actor\Chapter\Object\GameObject</Filter>
    </ClInclude>
    <ClInclude Include="Helper.h">
      <Filter>Actor\Chapter\Object\GameObject</Filter>
    </ClInclude>
    <ClInclude Include="Ston.h">
      <Filter>Actor\Chapter\Object\GameObject</Filter>
    </ClInclude>
    <ClInclude Include="Lock.h">
      <Filter>Actor\Chapter\Object\GameObject</Filter>
    </ClInclude>
    <ClInclude Include="Key.h">
      <Filter>Actor\Chapter\Object\GameObject</Filter>
    </ClInclude>
    <ClInclude Include="LodingManager.h">
      <Filter>Actor\Global</Filter>
    </ClInclude>
  </ItemGroup>
  <ItemGroup>
    <ClCompile Include="Helltaker.cpp" />
    <ClCompile Include="TitleBackGround.cpp">
      <Filter>Actor\Title</Filter>
    </ClCompile>
    <ClCompile Include="TitleLogo.cpp">
      <Filter>Actor\Title</Filter>
    </ClCompile>
    <ClCompile Include="BotUi.cpp">
      <Filter>Actor\Chapter\Global</Filter>
    </ClCompile>
    <ClCompile Include="Player.cpp">
      <Filter>Actor\Chapter\Global</Filter>
    </ClCompile>
    <ClCompile Include="Chapter01.cpp">
      <Filter>Level\Chapter</Filter>
    </ClCompile>
    <ClCompile Include="Chapter02.cpp">
      <Filter>Level\Chapter</Filter>
    </ClCompile>
    <ClCompile Include="Chapter03.cpp">
      <Filter>Level\Chapter</Filter>
    </ClCompile>
    <ClCompile Include="LifeCounter.cpp">
      <Filter>Actor\Chapter\Object\Ui</Filter>
    </ClCompile>
    <ClCompile Include="MenuLevel.cpp">
      <Filter>Level\Menu</Filter>
    </ClCompile>
    <ClCompile Include="TitleLevel.cpp">
      <Filter>Level\Title</Filter>
    </ClCompile>
    <ClCompile Include="Booper.cpp">
      <Filter>Actor\Global</Filter>
    </ClCompile>
    <ClCompile Include="MenuText.cpp">
      <Filter>Actor\Menu\Text</Filter>
    </ClCompile>
    <ClCompile Include="EndText.cpp">
      <Filter>Actor\Menu\Text</Filter>
    </ClCompile>
    <ClCompile Include="StartEvent.cpp">
      <Filter>Actor\Menu\StartEvent</Filter>
    </ClCompile>
    <ClCompile Include="StartBackGround.cpp">
      <Filter>Actor\Menu\StartEvent</Filter>
    </ClCompile>
    <ClCompile Include="BeelFly.cpp">
      <Filter>Actor\Menu\MenuBase</Filter>
    </ClCompile>
    <ClCompile Include="MenuBackGround00.cpp">
      <Filter>Actor\Menu\MenuBase</Filter>
    </ClCompile>
    <ClCompile Include="MenuBackGround01.cpp">
      <Filter>Actor\Menu\MenuBase</Filter>
    </ClCompile>
    <ClCompile Include="MenuBackGround02.cpp">
      <Filter>Actor\Menu\MenuBase</Filter>
    </ClCompile>
    <ClCompile Include="MenuBotUI.cpp">
      <Filter>Actor\Menu\MenuBase</Filter>
    </ClCompile>
    <ClCompile Include="MenuTopUi.cpp">
      <Filter>Actor\Menu\MenuBase</Filter>
    </ClCompile>
    <ClCompile Include="StartText.cpp">
      <Filter>Actor\Menu\Text</Filter>
    </ClCompile>
    <ClCompile Include="ChapterSelect.cpp">
      <Filter>Actor\Menu\UI</Filter>
    </ClCompile>
    <ClCompile Include="MenuSelcet.cpp">
      <Filter>Actor\Menu\UI</Filter>
    </ClCompile>
    <ClCompile Include="PlayerState.cpp">
      <Filter>Actor\Chapter\Global</Filter>
    </ClCompile>
    <ClCompile Include="ChapterBackGound.cpp">
      <Filter>Actor\Chapter\Global</Filter>
    </ClCompile>
    <ClCompile Include="TopUi.cpp">
      <Filter>Actor\Chapter\Global</Filter>
    </ClCompile>
    <ClCompile Include="GameObjectManager.cpp">
      <Filter>Actor\Chapter\Object</Filter>
    </ClCompile>
    <ClCompile Include="ClearEvent.cpp">
      <Filter>Actor\Chapter\Event</Filter>
    </ClCompile>
    <ClCompile Include="Monster.cpp">
      <Filter>Actor\Chapter\Object\GameObject</Filter>
    </ClCompile>
    <ClCompile Include="Helper.cpp">
      <Filter>Actor\Chapter\Object\GameObject</Filter>
    </ClCompile>
    <ClCompile Include="Ston.cpp">
      <Filter>Actor\Chapter\Object\GameObject</Filter>
    </ClCompile>
    <ClCompile Include="Lock.cpp">
      <Filter>Actor\Chapter\Object\GameObject</Filter>
    </ClCompile>
    <ClCompile Include="Key.cpp">
      <Filter>Actor\Chapter\Object\GameObject</Filter>
    </ClCompile>
    <ClCompile Include="LodingManager.cpp">
      <Filter>Actor\Global</Filter>
    </ClCompile>
  </ItemGroup>
  <ItemGroup>
    <Filter Include="Level">
      <UniqueIdentifier>{f9380529-55b2-41a4-8293-6fd0fb450043}</UniqueIdentifier>
    </Filter>
    <Filter Include="Level\Chapter">
      <UniqueIdentifier>{223685c8-350a-49a2-95ca-fea07412aac7}</UniqueIdentifier>
    </Filter>
    <Filter Include="Actor">
      <UniqueIdentifier>{f903deff-e947-42e2-b8ec-934ed57d271c}</UniqueIdentifier>
    </Filter>
    <Filter Include="Actor\Title">
      <UniqueIdentifier>{82e96824-63cc-4475-915a-093fbdb62f61}</UniqueIdentifier>
    </Filter>
    <Filter Include="Actor\Menu">
      <UniqueIdentifier>{d10815ad-a270-4b52-a308-687ae7f95fec}</UniqueIdentifier>
    </Filter>
    <Filter Include="Actor\Menu\UI">
      <UniqueIdentifier>{59e90494-457d-4c4d-9047-09380ddfdaa1}</UniqueIdentifier>
    </Filter>
    <Filter Include="Actor\Chapter">
      <UniqueIdentifier>{1ab4c140-9de4-4b37-9bf5-ff713b3712e3}</UniqueIdentifier>
    </Filter>
    <Filter Include="Actor\Chapter\Global">
      <UniqueIdentifier>{7dd13e20-a8bd-47a9-8755-d248a78cc7be}</UniqueIdentifier>
    </Filter>
    <Filter Include="Actor\Chapter\Object">
      <UniqueIdentifier>{863f60f5-d79e-481f-a700-23ada83a2190}</UniqueIdentifier>
    </Filter>
    <Filter Include="Actor\Chapter\Object\Ui">
      <UniqueIdentifier>{33b06d02-efad-4c99-b6e3-a2b4e0f3fa34}</UniqueIdentifier>
    </Filter>
    <Filter Include="Level\Title">
      <UniqueIdentifier>{34c1476d-dfa1-48d4-8cf1-439bd43a5bda}</UniqueIdentifier>
    </Filter>
    <Filter Include="Level\Menu">
      <UniqueIdentifier>{b661ff9c-5e2c-49cc-8092-db387017ee9c}</UniqueIdentifier>
    </Filter>
    <Filter Include="Level\Global">
      <UniqueIdentifier>{00741c2e-e775-4c47-bdf0-9286af066f4f}</UniqueIdentifier>
    </Filter>
    <Filter Include="Actor\Menu\Text">
      <UniqueIdentifier>{27b3634a-3ee0-44da-82a3-7a3dd5d7113c}</UniqueIdentifier>
    </Filter>
    <Filter Include="Actor\Menu\StartEvent">
      <UniqueIdentifier>{dfee7d5f-a145-46b4-983d-41f4540f0297}</UniqueIdentifier>
    </Filter>
    <Filter Include="Actor\Menu\MenuBase">
      <UniqueIdentifier>{cf946c48-96f5-411b-b230-5c028e906d7d}</UniqueIdentifier>
    </Filter>
    <Filter Include="Actor\Global">
      <UniqueIdentifier>{0c2ab7f7-0066-4c13-b376-fc504d629c88}</UniqueIdentifier>
    </Filter>
    <Filter Include="Actor\Chapter\Event">
      <UniqueIdentifier>{50ca5b66-7e72-4ca2-a4e2-ff4f96b27619}</UniqueIdentifier>
    </Filter>
    <Filter Include="Actor\Chapter\Object\GameObject">
      <UniqueIdentifier>{e7ba96e1-1b79-401e-be55-772bf2ee8bb1}</UniqueIdentifier>
    </Filter>
  </ItemGroup>
</Project>